
Microsoft Visual Studio Solution File, Format Version 10.00
# Visual C++ Express 2008
Project("{8BC9CEB8-8B4A-11D0-8D11-00A0C91BC942}") = "Lab1-1Git", "Lab1-1Git\Lab1-1Git.vcproj", "{657D321E-D6B3-4835-B748-F958EAAB45C1}"
EndProject
Global
	GlobalSection(SolutionConfigurationPlatforms) = preSolution
		Debug|Win32 = Debug|Win32
		Release|Win32 = Release|Win32
	EndGlobalSection
	GlobalSection(ProjectConfigurationPlatforms) = postSolution
		{657D321E-D6B3-4835-B748-F958EAAB45C1}.Debug|Win32.ActiveCfg = Debug|Win32
		{657D321E-D6B3-4835-B748-F958EAAB45C1}.Debug|Win32.Build.0 = Debug|Win32
		{657D321E-D6B3-4835-B748-F958EAAB45C1}.Release|Win32.ActiveCfg = Release|Win32
		{657D321E-D6B3-4835-B748-F958EAAB45C1}.Release|Win32.Build.0 = Release|Win32
	EndGlobalSection
	GlobalSection(SolutionProperties) = preSolution
		HideSolutionNode = FALSE
	EndGlobalSection
EndGlobal
